PODS:
  - AnimatableReload (0.2.0)
  - BetterSegmentedControl (2.0.1)

DEPENDENCIES:
  - AnimatableReload
  - BetterSegmentedControl (~> 2.0)

SPEC REPOS:
  trunk:
    - AnimatableReload
    - BetterSegmentedControl

SPEC CHECKSUMS:
  AnimatableReload: 9576d3019bfb103f76b5f37fa6f8915bd8307527
  BetterSegmentedControl: 09607b27861d49cbce48b7673b74f9150a3d371a

PODFILE CHECKSUM: 4b3291c7e2ee994bf2cce778fd97950d21b49fb9

COCOAPODS: 1.10.1
